// !$*UTF8*$!
{
	archiveVersion = 1;
	classes = {
	};
	objectVersion = 46;
	objects = {

/* Begin PBXBuildFile section */
		5F0133111F30274400BCE9FC /* ShoppingView.xib in Resources */ = {isa = PBXBuildFile; fileRef = 5F0133101F30274400BCE9FC /* ShoppingView.xib */; };
		5F0133141F30281100BCE9FC /* BaseView.m in Sources */ = {isa = PBXBuildFile; fileRef = 5F0133131F30281100BCE9FC /* BaseView.m */; };
		5F0133161F30295200BCE9FC /* ShoppingTableViewCell.xib in Resources */ = {isa = PBXBuildFile; fileRef = 5F0133151F30295200BCE9FC /* ShoppingTableViewCell.xib */; };
		5F01331C1F302E7000BCE9FC /* CollectionViewCell.m in Sources */ = {isa = PBXBuildFile; fileRef = 5F01331B1F302E7000BCE9FC /* CollectionViewCell.m */; };
		5F0133201F30377900BCE9FC /* UIView+Ext.m in Sources */ = {isa = PBXBuildFile; fileRef = 5F01331F1F30377900BCE9FC /* UIView+Ext.m */; };
		5F0133231F3037BE00BCE9FC /* UIView+ExtLayout.m in Sources */ = {isa = PBXBuildFile; fileRef = 5F0133221F3037BE00BCE9FC /* UIView+ExtLayout.m */; };
		5F0133261F303B4D00BCE9FC /* StickerBrowserViewController.m in Sources */ = {isa = PBXBuildFile; fileRef = 5F0133251F303B4D00BCE9FC /* StickerBrowserViewController.m */; };
		5F0133291F306F7700BCE9FC /* HeaderSectionView.m in Sources */ = {isa = PBXBuildFile; fileRef = 5F0133281F306F7700BCE9FC /* HeaderSectionView.m */; };
		5F01332B1F306F8700BCE9FC /* HeaderSectionView.xib in Resources */ = {isa = PBXBuildFile; fileRef = 5F01332A1F306F8700BCE9FC /* HeaderSectionView.xib */; };
		5F0133311F318A2500BCE9FC /* ShoppingDetailView.m in Sources */ = {isa = PBXBuildFile; fileRef = 5F0133301F318A2500BCE9FC /* ShoppingDetailView.m */; };
		5F0133331F318A3000BCE9FC /* ShoppingDetailView.xib in Resources */ = {isa = PBXBuildFile; fileRef = 5F0133321F318A3000BCE9FC /* ShoppingDetailView.xib */; };
		5F8453FB1F25EA3A00E62DDE /* MessagesExtension.appex in Embed App Extensions */ = {isa = PBXBuildFile; fileRef = 5F8453FA1F25EA3A00E62DDE /* MessagesExtension.appex */; settings = {ATTRIBUTES = (RemoveHeadersOnCopy, ); }; };
		5F8454001F25EA3A00E62DDE /* Messages.framework in Frameworks */ = {isa = PBXBuildFile; fileRef = 5F8453FF1F25EA3A00E62DDE /* Messages.framework */; };
		5F8454041F25EA3A00E62DDE /* MessagesViewController.m in Sources */ = {isa = PBXBuildFile; fileRef = 5F8454031F25EA3A00E62DDE /* MessagesViewController.m */; };
		5F8454071F25EA3A00E62DDE /* MainInterface.storyboard in Resources */ = {isa = PBXBuildFile; fileRef = 5F8454051F25EA3A00E62DDE /* MainInterface.storyboard */; };
		5F8454091F25EA3A00E62DDE /* Assets.xcassets in Resources */ = {isa = PBXBuildFile; fileRef = 5F8454081F25EA3A00E62DDE /* Assets.xcassets */; };
		5F8454191F25F71D00E62DDE /* ShoppingView.m in Sources */ = {isa = PBXBuildFile; fileRef = 5F8454181F25F71D00E62DDE /* ShoppingView.m */; };
		5F84541E1F26F18900E62DDE /* Stickers in Resources */ = {isa = PBXBuildFile; fileRef = 5F84541D1F26F18900E62DDE /* Stickers */; };
		5F8454211F26F34E00E62DDE /* FileManager.m in Sources */ = {isa = PBXBuildFile; fileRef = 5F8454201F26F34E00E62DDE /* FileManager.m */; };
		5F8454251F26F44900E62DDE /* StickerManager.m in Sources */ = {isa = PBXBuildFile; fileRef = 5F8454241F26F44900E62DDE /* StickerManager.m */; };
		5F84542B1F27204B00E62DDE /* StickerPack.m in Sources */ = {isa = PBXBuildFile; fileRef = 5F84542A1F27204B00E62DDE /* StickerPack.m */; };
		5F8454611F27304B00E62DDE /* FLAnimatedImageView+WebCache.m in Sources */ = {isa = PBXBuildFile; fileRef = 5F8454391F27304B00E62DDE /* FLAnimatedImageView+WebCache.m */; };
		5F8454621F27304B00E62DDE /* MKAnnotationView+WebCache.m in Sources */ = {isa = PBXBuildFile; fileRef = 5F84543B1F27304B00E62DDE /* MKAnnotationView+WebCache.m */; };
		5F8454631F27304B00E62DDE /* NSData+ImageContentType.m in Sources */ = {isa = PBXBuildFile; fileRef = 5F84543D1F27304B00E62DDE /* NSData+ImageContentType.m */; };
		5F8454641F27304B00E62DDE /* NSImage+WebCache.m in Sources */ = {isa = PBXBuildFile; fileRef = 5F84543F1F27304B00E62DDE /* NSImage+WebCache.m */; };
		5F8454651F27304B00E62DDE /* SDImageCache.m in Sources */ = {isa = PBXBuildFile; fileRef = 5F8454411F27304B00E62DDE /* SDImageCache.m */; };
		5F8454661F27304B00E62DDE /* SDImageCacheConfig.m in Sources */ = {isa = PBXBuildFile; fileRef = 5F8454431F27304B00E62DDE /* SDImageCacheConfig.m */; };
		5F8454671F27304B00E62DDE /* SDWebImageCompat.m in Sources */ = {isa = PBXBuildFile; fileRef = 5F8454451F27304B00E62DDE /* SDWebImageCompat.m */; };
		5F8454681F27304B00E62DDE /* SDWebImageDecoder.m in Sources */ = {isa = PBXBuildFile; fileRef = 5F8454471F27304B00E62DDE /* SDWebImageDecoder.m */; };
		5F8454691F27304B00E62DDE /* SDWebImageDownloader.m in Sources */ = {isa = PBXBuildFile; fileRef = 5F8454491F27304B00E62DDE /* SDWebImageDownloader.m */; };
		5F84546A1F27304B00E62DDE /* SDWebImageDownloaderOperation.m in Sources */ = {isa = PBXBuildFile; fileRef = 5F84544B1F27304B00E62DDE /* SDWebImageDownloaderOperation.m */; };
		5F84546B1F27304B00E62DDE /* SDWebImageManager.m in Sources */ = {isa = PBXBuildFile; fileRef = 5F84544D1F27304B00E62DDE /* SDWebImageManager.m */; };
		5F84546C1F27304B00E62DDE /* SDWebImagePrefetcher.m in Sources */ = {isa = PBXBuildFile; fileRef = 5F8454501F27304B00E62DDE /* SDWebImagePrefetcher.m */; };
		5F84546D1F27304B00E62DDE /* UIButton+WebCache.m in Sources */ = {isa = PBXBuildFile; fileRef = 5F8454521F27304B00E62DDE /* UIButton+WebCache.m */; };
		5F84546E1F27304B00E62DDE /* UIImage+GIF.m in Sources */ = {isa = PBXBuildFile; fileRef = 5F8454541F27304B00E62DDE /* UIImage+GIF.m */; };
		5F84546F1F27304B00E62DDE /* UIImage+MultiFormat.m in Sources */ = {isa = PBXBuildFile; fileRef = 5F8454561F27304B00E62DDE /* UIImage+MultiFormat.m */; };
		5F8454701F27304B00E62DDE /* UIImage+WebP.m in Sources */ = {isa = PBXBuildFile; fileRef = 5F8454581F27304B00E62DDE /* UIImage+WebP.m */; };
		5F8454711F27304B00E62DDE /* UIImageView+HighlightedWebCache.m in Sources */ = {isa = PBXBuildFile; fileRef = 5F84545A1F27304B00E62DDE /* UIImageView+HighlightedWebCache.m */; };
		5F8454721F27304B00E62DDE /* UIImageView+WebCache.m in Sources */ = {isa = PBXBuildFile; fileRef = 5F84545C1F27304B00E62DDE /* UIImageView+WebCache.m */; };
		5F8454731F27304B00E62DDE /* UIView+WebCache.m in Sources */ = {isa = PBXBuildFile; fileRef = 5F84545E1F27304B00E62DDE /* UIView+WebCache.m */; };
		5F8454741F27304B00E62DDE /* UIView+WebCacheOperation.m in Sources */ = {isa = PBXBuildFile; fileRef = 5F8454601F27304B00E62DDE /* UIView+WebCacheOperation.m */; };
		5F84547A1F27305800E62DDE /* FLAnimatedImage.m in Sources */ = {isa = PBXBuildFile; fileRef = 5F8454771F27305800E62DDE /* FLAnimatedImage.m */; };
		5F84547B1F27305800E62DDE /* FLAnimatedImageView.m in Sources */ = {isa = PBXBuildFile; fileRef = 5F8454791F27305800E62DDE /* FLAnimatedImageView.m */; };
		5F84548C1F289F3C00E62DDE /* UIImage+Ext.m in Sources */ = {isa = PBXBuildFile; fileRef = 5F84548B1F289F3C00E62DDE /* UIImage+Ext.m */; };
		5F8796F71F298B7C0068179A /* ShoppingTableViewCell.m in Sources */ = {isa = PBXBuildFile; fileRef = 5F8796F61F298B7C0068179A /* ShoppingTableViewCell.m */; };
		5F8797051F2997EB0068179A /* ioapi.c in Sources */ = {isa = PBXBuildFile; fileRef = 5F8796FB1F2997EB0068179A /* ioapi.c */; };
		5F8797061F2997EB0068179A /* mztools.c in Sources */ = {isa = PBXBuildFile; fileRef = 5F8796FD1F2997EB0068179A /* mztools.c */; };
		5F8797071F2997EB0068179A /* unzip.c in Sources */ = {isa = PBXBuildFile; fileRef = 5F8796FF1F2997EB0068179A /* unzip.c */; };
		5F8797081F2997EB0068179A /* zip.c in Sources */ = {isa = PBXBuildFile; fileRef = 5F8797011F2997EB0068179A /* zip.c */; settings = {COMPILER_FLAGS = "-fno-objc-arc"; }; };
		5F8797091F2997EB0068179A /* ZipArchive.m in Sources */ = {isa = PBXBuildFile; fileRef = 5F8797041F2997EB0068179A /* ZipArchive.m */; settings = {COMPILER_FLAGS = "-fno-objc-arc"; }; };
		5F87970B1F29A6490068179A /* StoreKit.framework in Frameworks */ = {isa = PBXBuildFile; fileRef = 5F87970A1F29A6490068179A /* StoreKit.framework */; };
		5F8797141F29EC110068179A /* KBRoundedButton.m in Sources */ = {isa = PBXBuildFile; fileRef = 5F8797111F29EC110068179A /* KBRoundedButton.m */; };
		5F8797151F29EC110068179A /* UIImage+Color.m in Sources */ = {isa = PBXBuildFile; fileRef = 5F8797131F29EC110068179A /* UIImage+Color.m */; };
		5FDAB9EB1F344F3600F371FB /* Util.m in Sources */ = {isa = PBXBuildFile; fileRef = 5FDAB9EA1F344F3600F371FB /* Util.m */; };
		5FDAB9EF1F34717900F371FB /* ZPReachability.m in Sources */ = {isa = PBXBuildFile; fileRef = 5FDAB9EE1F34717900F371FB /* ZPReachability.m */; };
		5FDAB9F21F34718800F371FB /* Reachability.m in Sources */ = {isa = PBXBuildFile; fileRef = 5FDAB9F11F34718800F371FB /* Reachability.m */; };
		721E92311F2DD0E00091A822 /* SRSubscriptionModel.m in Sources */ = {isa = PBXBuildFile; fileRef = 721E92301F2DD0E00091A822 /* SRSubscriptionModel.m */; };
		728DE8751F3577E400957253 /* FooterCollectionReusableView.m in Sources */ = {isa = PBXBuildFile; fileRef = 728DE8731F3577E400957253 /* FooterCollectionReusableView.m */; };
		728DE8761F3577E400957253 /* FooterCollectionReusableView.xib in Resources */ = {isa = PBXBuildFile; fileRef = 728DE8741F3577E400957253 /* FooterCollectionReusableView.xib */; };
		728DE87F1F35A21E00957253 /* IAPHelper.m in Sources */ = {isa = PBXBuildFile; fileRef = 728DE8781F35A21E00957253 /* IAPHelper.m */; };
		728DE8801F35A21E00957253 /* IAPShare.m in Sources */ = {isa = PBXBuildFile; fileRef = 728DE87A1F35A21E00957253 /* IAPShare.m */; };
		728DE8811F35A21E00957253 /* NSString+Base64.m in Sources */ = {isa = PBXBuildFile; fileRef = 728DE87C1F35A21E00957253 /* NSString+Base64.m */; };
		728DE8821F35A21E00957253 /* SFHFKeychainUtils.m in Sources */ = {isa = PBXBuildFile; fileRef = 728DE87E1F35A21E00957253 /* SFHFKeychainUtils.m */; };
/* End PBXBuildFile section */

/* Begin PBXContainerItemProxy section */
		5F8453FC1F25EA3A00E62DDE /* PBXContainerItemProxy */ = {
			isa = PBXContainerItemProxy;
			containerPortal = 5F8453EA1F25EA3A00E62DDE /* Project object */;
			proxyType = 1;
			remoteGlobalIDString = 5F8453F91F25EA3A00E62DDE;
			remoteInfo = MessagesExtension;
		};
/* End PBXContainerItemProxy section */

/* Begin PBXCopyFilesBuildPhase section */
		5F8454101F25EA3A00E62DDE /* Embed App Extensions */ = {
			isa = PBXCopyFilesBuildPhase;
			buildActionMask = 2147483647;
			dstPath = "";
			dstSubfolderSpec = 13;
			files = (
				5F8453FB1F25EA3A00E62DDE /* MessagesExtension.appex in Embed App Extensions */,
			);
			name = "Embed App Extensions";
			runOnlyForDeploymentPostprocessing = 0;
		};
/* End PBXCopyFilesBuildPhase section */

/* Begin PBXFileReference section */
		5F01330F1F2F1CA900BCE9FC /* PrefixHeader.pch */ = {isa = PBXFileReference; lastKnownFileType = sourcecode.c.h; path = PrefixHeader.pch; sourceTree = "<group>"; };
		5F0133101F30274400BCE9FC /* ShoppingView.xib */ = {isa = PBXFileReference; fileEncoding = 4; lastKnownFileType = file.xib; path = ShoppingView.xib; sourceTree = "<group>"; };
		5F0133121F30281100BCE9FC /* BaseView.h */ = {isa = PBXFileReference; fileEncoding = 4; lastKnownFileType = sourcecode.c.h; path = BaseView.h; sourceTree = "<group>"; };
		5F0133131F30281100BCE9FC /* BaseView.m */ = {isa = PBXFileReference; fileEncoding = 4; lastKnownFileType = sourcecode.c.objc; path = BaseView.m; sourceTree = "<group>"; };
		5F0133151F30295200BCE9FC /* ShoppingTableViewCell.xib */ = {isa = PBXFileReference; fileEncoding = 4; lastKnownFileType = file.xib; path = ShoppingTableViewCell.xib; sourceTree = "<group>"; };
		5F01331B1F302E7000BCE9FC /* CollectionViewCell.m */ = {isa = PBXFileReference; fileEncoding = 4; lastKnownFileType = sourcecode.c.objc; path = CollectionViewCell.m; sourceTree = "<group>"; };
		5F01331D1F302E8000BCE9FC /* CollectionViewCell.h */ = {isa = PBXFileReference; fileEncoding = 4; lastKnownFileType = sourcecode.c.h; path = CollectionViewCell.h; sourceTree = "<group>"; };
		5F01331E1F30377900BCE9FC /* UIView+Ext.h */ = {isa = PBXFileReference; fileEncoding = 4; lastKnownFileType = sourcecode.c.h; path = "UIView+Ext.h"; sourceTree = "<group>"; };
		5F01331F1F30377900BCE9FC /* UIView+Ext.m */ = {isa = PBXFileReference; fileEncoding = 4; lastKnownFileType = sourcecode.c.objc; path = "UIView+Ext.m"; sourceTree = "<group>"; };
		5F0133211F3037BE00BCE9FC /* UIView+ExtLayout.h */ = {isa = PBXFileReference; fileEncoding = 4; lastKnownFileType = sourcecode.c.h; path = "UIView+ExtLayout.h"; sourceTree = "<group>"; };
		5F0133221F3037BE00BCE9FC /* UIView+ExtLayout.m */ = {isa = PBXFileReference; fileEncoding = 4; lastKnownFileType = sourcecode.c.objc; path = "UIView+ExtLayout.m"; sourceTree = "<group>"; };
		5F0133241F303B4D00BCE9FC /* StickerBrowserViewController.h */ = {isa = PBXFileReference; fileEncoding = 4; lastKnownFileType = sourcecode.c.h; path = StickerBrowserViewController.h; sourceTree = "<group>"; };
		5F0133251F303B4D00BCE9FC /* StickerBrowserViewController.m */ = {isa = PBXFileReference; fileEncoding = 4; lastKnownFileType = sourcecode.c.objc; path = StickerBrowserViewController.m; sourceTree = "<group>"; };
		5F0133271F306F7700BCE9FC /* HeaderSectionView.h */ = {isa = PBXFileReference; fileEncoding = 4; lastKnownFileType = sourcecode.c.h; path = HeaderSectionView.h; sourceTree = "<group>"; };
		5F0133281F306F7700BCE9FC /* HeaderSectionView.m */ = {isa = PBXFileReference; fileEncoding = 4; lastKnownFileType = sourcecode.c.objc; path = HeaderSectionView.m; sourceTree = "<group>"; };
		5F01332A1F306F8700BCE9FC /* HeaderSectionView.xib */ = {isa = PBXFileReference; fileEncoding = 4; lastKnownFileType = file.xib; path = HeaderSectionView.xib; sourceTree = "<group>"; };
		5F01332F1F318A2500BCE9FC /* ShoppingDetailView.h */ = {isa = PBXFileReference; fileEncoding = 4; lastKnownFileType = sourcecode.c.h; path = ShoppingDetailView.h; sourceTree = "<group>"; };
		5F0133301F318A2500BCE9FC /* ShoppingDetailView.m */ = {isa = PBXFileReference; fileEncoding = 4; lastKnownFileType = sourcecode.c.objc; path = ShoppingDetailView.m; sourceTree = "<group>"; };
		5F0133321F318A3000BCE9FC /* ShoppingDetailView.xib */ = {isa = PBXFileReference; fileEncoding = 4; lastKnownFileType = file.xib; path = ShoppingDetailView.xib; sourceTree = "<group>"; };
		5F8453F01F25EA3A00E62DDE /* PET Sticker Collection.app */ = {isa = PBXFileReference; explicitFileType = wrapper.application; includeInIndex = 0; path = "PET Sticker Collection.app"; sourceTree = BUILT_PRODUCTS_DIR; };
		5F8453FA1F25EA3A00E62DDE /* MessagesExtension.appex */ = {isa = PBXFileReference; explicitFileType = "wrapper.app-extension"; includeInIndex = 0; path = MessagesExtension.appex; sourceTree = BUILT_PRODUCTS_DIR; };
		5F8453FF1F25EA3A00E62DDE /* Messages.framework */ = {isa = PBXFileReference; lastKnownFileType = wrapper.framework; name = Messages.framework; path = System/Library/Frameworks/Messages.framework; sourceTree = SDKROOT; };
		5F8454021F25EA3A00E62DDE /* MessagesViewController.h */ = {isa = PBXFileReference; lastKnownFileType = sourcecode.c.h; path = MessagesViewController.h; sourceTree = "<group>"; };
		5F8454031F25EA3A00E62DDE /* MessagesViewController.m */ = {isa = PBXFileReference; lastKnownFileType = sourcecode.c.objc; path = MessagesViewController.m; sourceTree = "<group>"; };
		5F8454061F25EA3A00E62DDE /* Base */ = {isa = PBXFileReference; lastKnownFileType = file.storyboard; name = Base; path = Base.lproj/MainInterface.storyboard; sourceTree = "<group>"; };
		5F8454081F25EA3A00E62DDE /* Assets.xcassets */ = {isa = PBXFileReference; lastKnownFileType = folder.assetcatalog; path = Assets.xcassets; sourceTree = "<group>"; };
		5F84540A1F25EA3A00E62DDE /* Info.plist */ = {isa = PBXFileReference; lastKnownFileType = text.plist.xml; path = Info.plist; sourceTree = "<group>"; };
		5F8454171F25F71D00E62DDE /* ShoppingView.h */ = {isa = PBXFileReference; fileEncoding = 4; lastKnownFileType = sourcecode.c.h; path = ShoppingView.h; sourceTree = "<group>"; };
		5F8454181F25F71D00E62DDE /* ShoppingView.m */ = {isa = PBXFileReference; fileEncoding = 4; lastKnownFileType = sourcecode.c.objc; path = ShoppingView.m; sourceTree = "<group>"; };
		5F84541D1F26F18900E62DDE /* Stickers */ = {isa = PBXFileReference; lastKnownFileType = folder; path = Stickers; sourceTree = "<group>"; };
		5F84541F1F26F34E00E62DDE /* FileManager.h */ = {isa = PBXFileReference; fileEncoding = 4; lastKnownFileType = sourcecode.c.h; path = FileManager.h; sourceTree = "<group>"; };
		5F8454201F26F34E00E62DDE /* FileManager.m */ = {isa = PBXFileReference; fileEncoding = 4; lastKnownFileType = sourcecode.c.objc; path = FileManager.m; sourceTree = "<group>"; };
		5F8454221F26F3D000E62DDE /* Constant.h */ = {isa = PBXFileReference; lastKnownFileType = sourcecode.c.h; path = Constant.h; sourceTree = "<group>"; };
		5F8454231F26F44900E62DDE /* StickerManager.h */ = {isa = PBXFileReference; fileEncoding = 4; lastKnownFileType = sourcecode.c.h; path = StickerManager.h; sourceTree = "<group>"; };
		5F8454241F26F44900E62DDE /* StickerManager.m */ = {isa = PBXFileReference; fileEncoding = 4; lastKnownFileType = sourcecode.c.objc; path = StickerManager.m; sourceTree = "<group>"; };
		5F8454291F27204B00E62DDE /* StickerPack.h */ = {isa = PBXFileReference; fileEncoding = 4; lastKnownFileType = sourcecode.c.h; path = StickerPack.h; sourceTree = "<group>"; };
		5F84542A1F27204B00E62DDE /* StickerPack.m */ = {isa = PBXFileReference; fileEncoding = 4; lastKnownFileType = sourcecode.c.objc; path = StickerPack.m; sourceTree = "<group>"; };
		5F8454381F27304B00E62DDE /* FLAnimatedImageView+WebCache.h */ = {isa = PBXFileReference; fileEncoding = 4; lastKnownFileType = sourcecode.c.h; path = "FLAnimatedImageView+WebCache.h"; sourceTree = "<group>"; };
		5F8454391F27304B00E62DDE /* FLAnimatedImageView+WebCache.m */ = {isa = PBXFileReference; fileEncoding = 4; lastKnownFileType = sourcecode.c.objc; path = "FLAnimatedImageView+WebCache.m"; sourceTree = "<group>"; };
		5F84543A1F27304B00E62DDE /* MKAnnotationView+WebCache.h */ = {isa = PBXFileReference; fileEncoding = 4; lastKnownFileType = sourcecode.c.h; path = "MKAnnotationView+WebCache.h"; sourceTree = "<group>"; };
		5F84543B1F27304B00E62DDE /* MKAnnotationView+WebCache.m */ = {isa = PBXFileReference; fileEncoding = 4; lastKnownFileType = sourcecode.c.objc; path = "MKAnnotationView+WebCache.m"; sourceTree = "<group>"; };
		5F84543C1F27304B00E62DDE /* NSData+ImageContentType.h */ = {isa = PBXFileReference; fileEncoding = 4; lastKnownFileType = sourcecode.c.h; path = "NSData+ImageContentType.h"; sourceTree = "<group>"; };
		5F84543D1F27304B00E62DDE /* NSData+ImageContentType.m */ = {isa = PBXFileReference; fileEncoding = 4; lastKnownFileType = sourcecode.c.objc; path = "NSData+ImageContentType.m"; sourceTree = "<group>"; };
		5F84543E1F27304B00E62DDE /* NSImage+WebCache.h */ = {isa = PBXFileReference; fileEncoding = 4; lastKnownFileType = sourcecode.c.h; path = "NSImage+WebCache.h"; sourceTree = "<group>"; };
		5F84543F1F27304B00E62DDE /* NSImage+WebCache.m */ = {isa = PBXFileReference; fileEncoding = 4; lastKnownFileType = sourcecode.c.objc; path = "NSImage+WebCache.m"; sourceTree = "<group>"; };
		5F8454401F27304B00E62DDE /* SDImageCache.h */ = {isa = PBXFileReference; fileEncoding = 4; lastKnownFileType = sourcecode.c.h; path = SDImageCache.h; sourceTree = "<group>"; };
		5F8454411F27304B00E62DDE /* SDImageCache.m */ = {isa = PBXFileReference; fileEncoding = 4; lastKnownFileType = sourcecode.c.objc; path = SDImageCache.m; sourceTree = "<group>"; };
		5F8454421F27304B00E62DDE /* SDImageCacheConfig.h */ = {isa = PBXFileReference; fileEncoding = 4; lastKnownFileType = sourcecode.c.h; path = SDImageCacheConfig.h; sourceTree = "<group>"; };
		5F8454431F27304B00E62DDE /* SDImageCacheConfig.m */ = {isa = PBXFileReference; fileEncoding = 4; lastKnownFileType = sourcecode.c.objc; path = SDImageCacheConfig.m; sourceTree = "<group>"; };
		5F8454441F27304B00E62DDE /* SDWebImageCompat.h */ = {isa = PBXFileReference; fileEncoding = 4; lastKnownFileType = sourcecode.c.h; path = SDWebImageCompat.h; sourceTree = "<group>"; };
		5F8454451F27304B00E62DDE /* SDWebImageCompat.m */ = {isa = PBXFileReference; fileEncoding = 4; lastKnownFileType = sourcecode.c.objc; path = SDWebImageCompat.m; sourceTree = "<group>"; };
		5F8454461F27304B00E62DDE /* SDWebImageDecoder.h */ = {isa = PBXFileReference; fileEncoding = 4; lastKnownFileType = sourcecode.c.h; path = SDWebImageDecoder.h; sourceTree = "<group>"; };
		5F8454471F27304B00E62DDE /* SDWebImageDecoder.m */ = {isa = PBXFileReference; fileEncoding = 4; lastKnownFileType = sourcecode.c.objc; path = SDWebImageDecoder.m; sourceTree = "<group>"; };
		5F8454481F27304B00E62DDE /* SDWebImageDownloader.h */ = {isa = PBXFileReference; fileEncoding = 4; lastKnownFileType = sourcecode.c.h; path = SDWebImageDownloader.h; sourceTree = "<group>"; };
		5F8454491F27304B00E62DDE /* SDWebImageDownloader.m */ = {isa = PBXFileReference; fileEncoding = 4; lastKnownFileType = sourcecode.c.objc; path = SDWebImageDownloader.m; sourceTree = "<group>"; };
		5F84544A1F27304B00E62DDE /* SDWebImageDownloaderOperation.h */ = {isa = PBXFileReference; fileEncoding = 4; lastKnownFileType = sourcecode.c.h; path = SDWebImageDownloaderOperation.h; sourceTree = "<group>"; };
		5F84544B1F27304B00E62DDE /* SDWebImageDownloaderOperation.m */ = {isa = PBXFileReference; fileEncoding = 4; lastKnownFileType = sourcecode.c.objc; path = SDWebImageDownloaderOperation.m; sourceTree = "<group>"; };
		5F84544C1F27304B00E62DDE /* SDWebImageManager.h */ = {isa = PBXFileReference; fileEncoding = 4; lastKnownFileType = sourcecode.c.h; path = SDWebImageManager.h; sourceTree = "<group>"; };
		5F84544D1F27304B00E62DDE /* SDWebImageManager.m */ = {isa = PBXFileReference; fileEncoding = 4; lastKnownFileType = sourcecode.c.objc; path = SDWebImageManager.m; sourceTree = "<group>"; };
		5F84544E1F27304B00E62DDE /* SDWebImageOperation.h */ = {isa = PBXFileReference; fileEncoding = 4; lastKnownFileType = sourcecode.c.h; path = SDWebImageOperation.h; sourceTree = "<group>"; };
		5F84544F1F27304B00E62DDE /* SDWebImagePrefetcher.h */ = {isa = PBXFileReference; fileEncoding = 4; lastKnownFileType = sourcecode.c.h; path = SDWebImagePrefetcher.h; sourceTree = "<group>"; };
		5F8454501F27304B00E62DDE /* SDWebImagePrefetcher.m */ = {isa = PBXFileReference; fileEncoding = 4; lastKnownFileType = sourcecode.c.objc; path = SDWebImagePrefetcher.m; sourceTree = "<group>"; };
		5F8454511F27304B00E62DDE /* UIButton+WebCache.h */ = {isa = PBXFileReference; fileEncoding = 4; lastKnownFileType = sourcecode.c.h; path = "UIButton+WebCache.h"; sourceTree = "<group>"; };
		5F8454521F27304B00E62DDE /* UIButton+WebCache.m */ = {isa = PBXFileReference; fileEncoding = 4; lastKnownFileType = sourcecode.c.objc; path = "UIButton+WebCache.m"; sourceTree = "<group>"; };
		5F8454531F27304B00E62DDE /* UIImage+GIF.h */ = {isa = PBXFileReference; fileEncoding = 4; lastKnownFileType = sourcecode.c.h; path = "UIImage+GIF.h"; sourceTree = "<group>"; };
		5F8454541F27304B00E62DDE /* UIImage+GIF.m */ = {isa = PBXFileReference; fileEncoding = 4; lastKnownFileType = sourcecode.c.objc; path = "UIImage+GIF.m"; sourceTree = "<group>"; };
		5F8454551F27304B00E62DDE /* UIImage+MultiFormat.h */ = {isa = PBXFileReference; fileEncoding = 4; lastKnownFileType = sourcecode.c.h; path = "UIImage+MultiFormat.h"; sourceTree = "<group>"; };
		5F8454561F27304B00E62DDE /* UIImage+MultiFormat.m */ = {isa = PBXFileReference; fileEncoding = 4; lastKnownFileType = sourcecode.c.objc; path = "UIImage+MultiFormat.m"; sourceTree = "<group>"; };
		5F8454571F27304B00E62DDE /* UIImage+WebP.h */ = {isa = PBXFileReference; fileEncoding = 4; lastKnownFileType = sourcecode.c.h; path = "UIImage+WebP.h"; sourceTree = "<group>"; };
		5F8454581F27304B00E62DDE /* UIImage+WebP.m */ = {isa = PBXFileReference; fileEncoding = 4; lastKnownFileType = sourcecode.c.objc; path = "UIImage+WebP.m"; sourceTree = "<group>"; };
		5F8454591F27304B00E62DDE /* UIImageView+HighlightedWebCache.h */ = {isa = PBXFileReference; fileEncoding = 4; lastKnownFileType = sourcecode.c.h; path = "UIImageView+HighlightedWebCache.h"; sourceTree = "<group>"; };
		5F84545A1F27304B00E62DDE /* UIImageView+HighlightedWebCache.m */ = {isa = PBXFileReference; fileEncoding = 4; lastKnownFileType = sourcecode.c.objc; path = "UIImageView+HighlightedWebCache.m"; sourceTree = "<group>"; };
		5F84545B1F27304B00E62DDE /* UIImageView+WebCache.h */ = {isa = PBXFileReference; fileEncoding = 4; lastKnownFileType = sourcecode.c.h; path = "UIImageView+WebCache.h"; sourceTree = "<group>"; };
		5F84545C1F27304B00E62DDE /* UIImageView+WebCache.m */ = {isa = PBXFileReference; fileEncoding = 4; lastKnownFileType = sourcecode.c.objc; path = "UIImageView+WebCache.m"; sourceTree = "<group>"; };
		5F84545D1F27304B00E62DDE /* UIView+WebCache.h */ = {isa = PBXFileReference; fileEncoding = 4; lastKnownFileType = sourcecode.c.h; path = "UIView+WebCache.h"; sourceTree = "<group>"; };
		5F84545E1F27304B00E62DDE /* UIView+WebCache.m */ = {isa = PBXFileReference; fileEncoding = 4; lastKnownFileType = sourcecode.c.objc; path = "UIView+WebCache.m"; sourceTree = "<group>"; };
		5F84545F1F27304B00E62DDE /* UIView+WebCacheOperation.h */ = {isa = PBXFileReference; fileEncoding = 4; lastKnownFileType = sourcecode.c.h; path = "UIView+WebCacheOperation.h"; sourceTree = "<group>"; };
		5F8454601F27304B00E62DDE /* UIView+WebCacheOperation.m */ = {isa = PBXFileReference; fileEncoding = 4; lastKnownFileType = sourcecode.c.objc; path = "UIView+WebCacheOperation.m"; sourceTree = "<group>"; };
		5F8454761F27305800E62DDE /* FLAnimatedImage.h */ = {isa = PBXFileReference; fileEncoding = 4; lastKnownFileType = sourcecode.c.h; path = FLAnimatedImage.h; sourceTree = "<group>"; };
		5F8454771F27305800E62DDE /* FLAnimatedImage.m */ = {isa = PBXFileReference; fileEncoding = 4; lastKnownFileType = sourcecode.c.objc; path = FLAnimatedImage.m; sourceTree = "<group>"; };
		5F8454781F27305800E62DDE /* FLAnimatedImageView.h */ = {isa = PBXFileReference; fileEncoding = 4; lastKnownFileType = sourcecode.c.h; path = FLAnimatedImageView.h; sourceTree = "<group>"; };
		5F8454791F27305800E62DDE /* FLAnimatedImageView.m */ = {isa = PBXFileReference; fileEncoding = 4; lastKnownFileType = sourcecode.c.objc; path = FLAnimatedImageView.m; sourceTree = "<group>"; };
		5F84548A1F289F3C00E62DDE /* UIImage+Ext.h */ = {isa = PBXFileReference; fileEncoding = 4; lastKnownFileType = sourcecode.c.h; path = "UIImage+Ext.h"; sourceTree = "<group>"; };
		5F84548B1F289F3C00E62DDE /* UIImage+Ext.m */ = {isa = PBXFileReference; fileEncoding = 4; lastKnownFileType = sourcecode.c.objc; path = "UIImage+Ext.m"; sourceTree = "<group>"; };
		5F8796F51F298B7C0068179A /* ShoppingTableViewCell.h */ = {isa = PBXFileReference; fileEncoding = 4; lastKnownFileType = sourcecode.c.h; path = ShoppingTableViewCell.h; sourceTree = "<group>"; };
		5F8796F61F298B7C0068179A /* ShoppingTableViewCell.m */ = {isa = PBXFileReference; fileEncoding = 4; lastKnownFileType = sourcecode.c.objc; path = ShoppingTableViewCell.m; sourceTree = "<group>"; };
		5F8796FA1F2997EB0068179A /* crypt.h */ = {isa = PBXFileReference; fileEncoding = 4; lastKnownFileType = sourcecode.c.h; path = crypt.h; sourceTree = "<group>"; };
		5F8796FB1F2997EB0068179A /* ioapi.c */ = {isa = PBXFileReference; fileEncoding = 4; lastKnownFileType = sourcecode.c.c; path = ioapi.c; sourceTree = "<group>"; };
		5F8796FC1F2997EB0068179A /* ioapi.h */ = {isa = PBXFileReference; fileEncoding = 4; lastKnownFileType = sourcecode.c.h; path = ioapi.h; sourceTree = "<group>"; };
		5F8796FD1F2997EB0068179A /* mztools.c */ = {isa = PBXFileReference; fileEncoding = 4; lastKnownFileType = sourcecode.c.c; path = mztools.c; sourceTree = "<group>"; };
		5F8796FE1F2997EB0068179A /* mztools.h */ = {isa = PBXFileReference; fileEncoding = 4; lastKnownFileType = sourcecode.c.h; path = mztools.h; sourceTree = "<group>"; };
		5F8796FF1F2997EB0068179A /* unzip.c */ = {isa = PBXFileReference; fileEncoding = 4; lastKnownFileType = sourcecode.c.c; path = unzip.c; sourceTree = "<group>"; };
		5F8797001F2997EB0068179A /* unzip.h */ = {isa = PBXFileReference; fileEncoding = 4; lastKnownFileType = sourcecode.c.h; path = unzip.h; sourceTree = "<group>"; };
		5F8797011F2997EB0068179A /* zip.c */ = {isa = PBXFileReference; fileEncoding = 4; lastKnownFileType = sourcecode.c.c; path = zip.c; sourceTree = "<group>"; };
		5F8797021F2997EB0068179A /* zip.h */ = {isa = PBXFileReference; fileEncoding = 4; lastKnownFileType = sourcecode.c.h; path = zip.h; sourceTree = "<group>"; };
		5F8797031F2997EB0068179A /* ZipArchive.h */ = {isa = PBXFileReference; fileEncoding = 4; lastKnownFileType = sourcecode.c.h; path = ZipArchive.h; sourceTree = "<group>"; };
		5F8797041F2997EB0068179A /* ZipArchive.m */ = {isa = PBXFileReference; fileEncoding = 4; lastKnownFileType = sourcecode.c.objc; path = ZipArchive.m; sourceTree = "<group>"; };
		5F87970A1F29A6490068179A /* StoreKit.framework */ = {isa = PBXFileReference; lastKnownFileType = wrapper.framework; name = StoreKit.framework; path = System/Library/Frameworks/StoreKit.framework; sourceTree = SDKROOT; };
		5F8797101F29EC110068179A /* KBRoundedButton.h */ = {isa = PBXFileReference; fileEncoding = 4; lastKnownFileType = sourcecode.c.h; path = KBRoundedButton.h; sourceTree = "<group>"; };
		5F8797111F29EC110068179A /* KBRoundedButton.m */ = {isa = PBXFileReference; fileEncoding = 4; lastKnownFileType = sourcecode.c.objc; path = KBRoundedButton.m; sourceTree = "<group>"; };
		5F8797121F29EC110068179A /* UIImage+Color.h */ = {isa = PBXFileReference; fileEncoding = 4; lastKnownFileType = sourcecode.c.h; path = "UIImage+Color.h"; sourceTree = "<group>"; };
		5F8797131F29EC110068179A /* UIImage+Color.m */ = {isa = PBXFileReference; fileEncoding = 4; lastKnownFileType = sourcecode.c.objc; path = "UIImage+Color.m"; sourceTree = "<group>"; };
		5FDAB9E91F344F3600F371FB /* Util.h */ = {isa = PBXFileReference; fileEncoding = 4; lastKnownFileType = sourcecode.c.h; path = Util.h; sourceTree = "<group>"; };
		5FDAB9EA1F344F3600F371FB /* Util.m */ = {isa = PBXFileReference; fileEncoding = 4; lastKnownFileType = sourcecode.c.objc; path = Util.m; sourceTree = "<group>"; };
		5FDAB9ED1F34717900F371FB /* ZPReachability.h */ = {isa = PBXFileReference; fileEncoding = 4; lastKnownFileType = sourcecode.c.h; path = ZPReachability.h; sourceTree = "<group>"; };
		5FDAB9EE1F34717900F371FB /* ZPReachability.m */ = {isa = PBXFileReference; fileEncoding = 4; lastKnownFileType = sourcecode.c.objc; path = ZPReachability.m; sourceTree = "<group>"; };
		5FDAB9F01F34718800F371FB /* Reachability.h */ = {isa = PBXFileReference; fileEncoding = 4; lastKnownFileType = sourcecode.c.h; path = Reachability.h; sourceTree = "<group>"; };
		5FDAB9F11F34718800F371FB /* Reachability.m */ = {isa = PBXFileReference; fileEncoding = 4; lastKnownFileType = sourcecode.c.objc; path = Reachability.m; sourceTree = "<group>"; };
		721E922F1F2DD0E00091A822 /* SRSubscriptionModel.h */ = {isa = PBXFileReference; fileEncoding = 4; lastKnownFileType = sourcecode.c.h; path = SRSubscriptionModel.h; sourceTree = "<group>"; };
		721E92301F2DD0E00091A822 /* SRSubscriptionModel.m */ = {isa = PBXFileReference; fileEncoding = 4; lastKnownFileType = sourcecode.c.objc; path = SRSubscriptionModel.m; sourceTree = "<group>"; };
		728DE8721F3577E400957253 /* FooterCollectionReusableView.h */ = {isa = PBXFileReference; fileEncoding = 4; lastKnownFileType = sourcecode.c.h; path = FooterCollectionReusableView.h; sourceTree = "<group>"; };
		728DE8731F3577E400957253 /* FooterCollectionReusableView.m */ = {isa = PBXFileReference; fileEncoding = 4; lastKnownFileType = sourcecode.c.objc; path = FooterCollectionReusableView.m; sourceTree = "<group>"; };
		728DE8741F3577E400957253 /* FooterCollectionReusableView.xib */ = {isa = PBXFileReference; fileEncoding = 4; lastKnownFileType = file.xib; path = FooterCollectionReusableView.xib; sourceTree = "<group>"; };
		728DE8771F35A21E00957253 /* IAPHelper.h */ = {isa = PBXFileReference; fileEncoding = 4; lastKnownFileType = sourcecode.c.h; path = IAPHelper.h; sourceTree = "<group>"; };
		728DE8781F35A21E00957253 /* IAPHelper.m */ = {isa = PBXFileReference; fileEncoding = 4; lastKnownFileType = sourcecode.c.objc; path = IAPHelper.m; sourceTree = "<group>"; };
		728DE8791F35A21E00957253 /* IAPShare.h */ = {isa = PBXFileReference; fileEncoding = 4; lastKnownFileType = sourcecode.c.h; path = IAPShare.h; sourceTree = "<group>"; };
		728DE87A1F35A21E00957253 /* IAPShare.m */ = {isa = PBXFileReference; fileEncoding = 4; lastKnownFileType = sourcecode.c.objc; path = IAPShare.m; sourceTree = "<group>"; };
		728DE87B1F35A21E00957253 /* NSString+Base64.h */ = {isa = PBXFileReference; fileEncoding = 4; lastKnownFileType = sourcecode.c.h; path = "NSString+Base64.h"; sourceTree = "<group>"; };
		728DE87C1F35A21E00957253 /* NSString+Base64.m */ = {isa = PBXFileReference; fileEncoding = 4; lastKnownFileType = sourcecode.c.objc; path = "NSString+Base64.m"; sourceTree = "<group>"; };
		728DE87D1F35A21E00957253 /* SFHFKeychainUtils.h */ = {isa = PBXFileReference; fileEncoding = 4; lastKnownFileType = sourcecode.c.h; path = SFHFKeychainUtils.h; sourceTree = "<group>"; };
		728DE87E1F35A21E00957253 /* SFHFKeychainUtils.m */ = {isa = PBXFileReference; fileEncoding = 4; lastKnownFileType = sourcecode.c.objc; path = SFHFKeychainUtils.m; sourceTree = "<group>"; };
/* End PBXFileReference section */

/* Begin PBXFrameworksBuildPhase section */
		5F8453F71F25EA3A00E62DDE /* Frameworks */ = {
			isa = PBXFrameworksBuildPhase;
			buildActionMask = 2147483647;
			files = (
				5F8454001F25EA3A00E62DDE /* Messages.framework in Frameworks */,
				5F87970B1F29A6490068179A /* StoreKit.framework in Frameworks */,
			);
			runOnlyForDeploymentPostprocessing = 0;
		};
/* End PBXFrameworksBuildPhase section */

/* Begin PBXGroup section */
		5F0133171F302CD700BCE9FC /* Library */ = {
			isa = PBXGroup;
			children = (
				5FDAB9EC1F34715A00F371FB /* Reachability */,
				5F84548A1F289F3C00E62DDE /* UIImage+Ext.h */,
				5F84548B1F289F3C00E62DDE /* UIImage+Ext.m */,
				5F87970F1F29EC110068179A /* KBRoundedButton */,
				5F8796F81F2997EB0068179A /* ZipArchive */,
				5F84547C1F27305E00E62DDE /* IAPHelper */,
				5F8454751F27305800E62DDE /* FLAnimatedImage */,
				5F8454361F27304B00E62DDE /* SDWebImage */,
			);
			name = Library;
			sourceTree = "<group>";
		};
		5F0133181F302CE800BCE9FC /* Shopping */ = {
			isa = PBXGroup;
			children = (
				5F8454171F25F71D00E62DDE /* ShoppingView.h */,
				5F8454181F25F71D00E62DDE /* ShoppingView.m */,
				5F0133101F30274400BCE9FC /* ShoppingView.xib */,
				5F8796F51F298B7C0068179A /* ShoppingTableViewCell.h */,
				5F8796F61F298B7C0068179A /* ShoppingTableViewCell.m */,
				5F0133151F30295200BCE9FC /* ShoppingTableViewCell.xib */,
				5F0133271F306F7700BCE9FC /* HeaderSectionView.h */,
				5F0133281F306F7700BCE9FC /* HeaderSectionView.m */,
				5F01332A1F306F8700BCE9FC /* HeaderSectionView.xib */,
				5F01332F1F318A2500BCE9FC /* ShoppingDetailView.h */,
				5F0133301F318A2500BCE9FC /* ShoppingDetailView.m */,
				5F0133321F318A3000BCE9FC /* ShoppingDetailView.xib */,
			);
			name = Shopping;
			sourceTree = "<group>";
		};
		5F0133191F302D0B00BCE9FC /* Manager */ = {
			isa = PBXGroup;
			children = (
				5F84541F1F26F34E00E62DDE /* FileManager.h */,
				5F8454201F26F34E00E62DDE /* FileManager.m */,
				5F8454231F26F44900E62DDE /* StickerManager.h */,
				5F8454241F26F44900E62DDE /* StickerManager.m */,
				5F8454291F27204B00E62DDE /* StickerPack.h */,
				5F84542A1F27204B00E62DDE /* StickerPack.m */,
			);
			name = Manager;
			sourceTree = "<group>";
		};
		5F01331A1F302D4E00BCE9FC /* Base */ = {
			isa = PBXGroup;
			children = (
				5F0133211F3037BE00BCE9FC /* UIView+ExtLayout.h */,
				5F0133221F3037BE00BCE9FC /* UIView+ExtLayout.m */,
				5F01331E1F30377900BCE9FC /* UIView+Ext.h */,
				5F01331F1F30377900BCE9FC /* UIView+Ext.m */,
				5F0133121F30281100BCE9FC /* BaseView.h */,
				5F0133131F30281100BCE9FC /* BaseView.m */,
				5FDAB9E91F344F3600F371FB /* Util.h */,
				5FDAB9EA1F344F3600F371FB /* Util.m */,
			);
			name = Base;
			sourceTree = "<group>";
		};
		5F8453E91F25EA3A00E62DDE = {
			isa = PBXGroup;
			children = (
				5F8454011F25EA3A00E62DDE /* MessagesExtension */,
				5F8453FE1F25EA3A00E62DDE /* Frameworks */,
				5F8453F11F25EA3A00E62DDE /* Products */,
			);
			sourceTree = "<group>";
		};
		5F8453F11F25EA3A00E62DDE /* Products */ = {
			isa = PBXGroup;
			children = (
				5F8453F01F25EA3A00E62DDE /* PET Sticker Collection.app */,
				5F8453FA1F25EA3A00E62DDE /* MessagesExtension.appex */,
			);
			name = Products;
			sourceTree = "<group>";
		};
		5F8453FE1F25EA3A00E62DDE /* Frameworks */ = {
			isa = PBXGroup;
			children = (
				5F87970A1F29A6490068179A /* StoreKit.framework */,
				5F8453FF1F25EA3A00E62DDE /* Messages.framework */,
			);
			name = Frameworks;
			sourceTree = "<group>";
		};
		5F8454011F25EA3A00E62DDE /* MessagesExtension */ = {
			isa = PBXGroup;
			children = (
				5F01331A1F302D4E00BCE9FC /* Base */,
				5F0133191F302D0B00BCE9FC /* Manager */,
				5F0133171F302CD700BCE9FC /* Library */,
				5F0133181F302CE800BCE9FC /* Shopping */,
				5F84541D1F26F18900E62DDE /* Stickers */,
				5F8454021F25EA3A00E62DDE /* MessagesViewController.h */,
				5F8454031F25EA3A00E62DDE /* MessagesViewController.m */,
				728DE8721F3577E400957253 /* FooterCollectionReusableView.h */,
				728DE8731F3577E400957253 /* FooterCollectionReusableView.m */,
				728DE8741F3577E400957253 /* FooterCollectionReusableView.xib */,
				5F0133241F303B4D00BCE9FC /* StickerBrowserViewController.h */,
				5F0133251F303B4D00BCE9FC /* StickerBrowserViewController.m */,
				5F8454051F25EA3A00E62DDE /* MainInterface.storyboard */,
				5F8454081F25EA3A00E62DDE /* Assets.xcassets */,
				5F84540A1F25EA3A00E62DDE /* Info.plist */,
				5F8454221F26F3D000E62DDE /* Constant.h */,
				5F01330F1F2F1CA900BCE9FC /* PrefixHeader.pch */,
				5F01331D1F302E8000BCE9FC /* CollectionViewCell.h */,
				5F01331B1F302E7000BCE9FC /* CollectionViewCell.m */,
			);
			path = MessagesExtension;
			sourceTree = "<group>";
		};
		5F8454361F27304B00E62DDE /* SDWebImage */ = {
			isa = PBXGroup;
			children = (
				5F8454371F27304B00E62DDE /* FLAnimatedImage */,
				5F84543A1F27304B00E62DDE /* MKAnnotationView+WebCache.h */,
				5F84543B1F27304B00E62DDE /* MKAnnotationView+WebCache.m */,
				5F84543C1F27304B00E62DDE /* NSData+ImageContentType.h */,
				5F84543D1F27304B00E62DDE /* NSData+ImageContentType.m */,
				5F84543E1F27304B00E62DDE /* NSImage+WebCache.h */,
				5F84543F1F27304B00E62DDE /* NSImage+WebCache.m */,
				5F8454401F27304B00E62DDE /* SDImageCache.h */,
				5F8454411F27304B00E62DDE /* SDImageCache.m */,
				5F8454421F27304B00E62DDE /* SDImageCacheConfig.h */,
				5F8454431F27304B00E62DDE /* SDImageCacheConfig.m */,
				5F8454441F27304B00E62DDE /* SDWebImageCompat.h */,
				5F8454451F27304B00E62DDE /* SDWebImageCompat.m */,
				5F8454461F27304B00E62DDE /* SDWebImageDecoder.h */,
				5F8454471F27304B00E62DDE /* SDWebImageDecoder.m */,
				5F8454481F27304B00E62DDE /* SDWebImageDownloader.h */,
				5F8454491F27304B00E62DDE /* SDWebImageDownloader.m */,
				5F84544A1F27304B00E62DDE /* SDWebImageDownloaderOperation.h */,
				5F84544B1F27304B00E62DDE /* SDWebImageDownloaderOperation.m */,
				5F84544C1F27304B00E62DDE /* SDWebImageManager.h */,
				5F84544D1F27304B00E62DDE /* SDWebImageManager.m */,
				5F84544E1F27304B00E62DDE /* SDWebImageOperation.h */,
				5F84544F1F27304B00E62DDE /* SDWebImagePrefetcher.h */,
				5F8454501F27304B00E62DDE /* SDWebImagePrefetcher.m */,
				5F8454511F27304B00E62DDE /* UIButton+WebCache.h */,
				5F8454521F27304B00E62DDE /* UIButton+WebCache.m */,
				5F8454531F27304B00E62DDE /* UIImage+GIF.h */,
				5F8454541F27304B00E62DDE /* UIImage+GIF.m */,
				5F8454551F27304B00E62DDE /* UIImage+MultiFormat.h */,
				5F8454561F27304B00E62DDE /* UIImage+MultiFormat.m */,
				5F8454571F27304B00E62DDE /* UIImage+WebP.h */,
				5F8454581F27304B00E62DDE /* UIImage+WebP.m */,
				5F8454591F27304B00E62DDE /* UIImageView+HighlightedWebCache.h */,
				5F84545A1F27304B00E62DDE /* UIImageView+HighlightedWebCache.m */,
				5F84545B1F27304B00E62DDE /* UIImageView+WebCache.h */,
				5F84545C1F27304B00E62DDE /* UIImageView+WebCache.m */,
				5F84545D1F27304B00E62DDE /* UIView+WebCache.h */,
				5F84545E1F27304B00E62DDE /* UIView+WebCache.m */,
				5F84545F1F27304B00E62DDE /* UIView+WebCacheOperation.h */,
				5F8454601F27304B00E62DDE /* UIView+WebCacheOperation.m */,
			);
			path = SDWebImage;
			sourceTree = "<group>";
		};
		5F8454371F27304B00E62DDE /* FLAnimatedImage */ = {
			isa = PBXGroup;
			children = (
				5F8454381F27304B00E62DDE /* FLAnimatedImageView+WebCache.h */,
				5F8454391F27304B00E62DDE /* FLAnimatedImageView+WebCache.m */,
			);
			path = FLAnimatedImage;
			sourceTree = "<group>";
		};
		5F8454751F27305800E62DDE /* FLAnimatedImage */ = {
			isa = PBXGroup;
			children = (
				5F8454761F27305800E62DDE /* FLAnimatedImage.h */,
				5F8454771F27305800E62DDE /* FLAnimatedImage.m */,
				5F8454781F27305800E62DDE /* FLAnimatedImageView.h */,
				5F8454791F27305800E62DDE /* FLAnimatedImageView.m */,
			);
			path = FLAnimatedImage;
			sourceTree = "<group>";
		};
		5F84547C1F27305E00E62DDE /* IAPHelper */ = {
			isa = PBXGroup;
			children = (
				728DE8771F35A21E00957253 /* IAPHelper.h */,
				728DE8781F35A21E00957253 /* IAPHelper.m */,
				728DE8791F35A21E00957253 /* IAPShare.h */,
				728DE87A1F35A21E00957253 /* IAPShare.m */,
				728DE87B1F35A21E00957253 /* NSString+Base64.h */,
				728DE87C1F35A21E00957253 /* NSString+Base64.m */,
				728DE87D1F35A21E00957253 /* SFHFKeychainUtils.h */,
				728DE87E1F35A21E00957253 /* SFHFKeychainUtils.m */,
				721E922F1F2DD0E00091A822 /* SRSubscriptionModel.h */,
				721E92301F2DD0E00091A822 /* SRSubscriptionModel.m */,
			);
			path = IAPHelper;
			sourceTree = "<group>";
		};
		5F8796F81F2997EB0068179A /* ZipArchive */ = {
			isa = PBXGroup;
			children = (
				5F8796F91F2997EB0068179A /* minizip */,
				5F8797031F2997EB0068179A /* ZipArchive.h */,
				5F8797041F2997EB0068179A /* ZipArchive.m */,
			);
			path = ZipArchive;
			sourceTree = "<group>";
		};
		5F8796F91F2997EB0068179A /* minizip */ = {
			isa = PBXGroup;
			children = (
				5F8796FA1F2997EB0068179A /* crypt.h */,
				5F8796FB1F2997EB0068179A /* ioapi.c */,
				5F8796FC1F2997EB0068179A /* ioapi.h */,
				5F8796FD1F2997EB0068179A /* mztools.c */,
				5F8796FE1F2997EB0068179A /* mztools.h */,
				5F8796FF1F2997EB0068179A /* unzip.c */,
				5F8797001F2997EB0068179A /* unzip.h */,
				5F8797011F2997EB0068179A /* zip.c */,
				5F8797021F2997EB0068179A /* zip.h */,
			);
			path = minizip;
			sourceTree = "<group>";
		};
		5F87970F1F29EC110068179A /* KBRoundedButton */ = {
			isa = PBXGroup;
			children = (
				5F8797101F29EC110068179A /* KBRoundedButton.h */,
				5F8797111F29EC110068179A /* KBRoundedButton.m */,
				5F8797121F29EC110068179A /* UIImage+Color.h */,
				5F8797131F29EC110068179A /* UIImage+Color.m */,
			);
			path = KBRoundedButton;
			sourceTree = "<group>";
		};
		5FDAB9EC1F34715A00F371FB /* Reachability */ = {
			isa = PBXGroup;
			children = (
				5FDAB9ED1F34717900F371FB /* ZPReachability.h */,
				5FDAB9EE1F34717900F371FB /* ZPReachability.m */,
				5FDAB9F01F34718800F371FB /* Reachability.h */,
				5FDAB9F11F34718800F371FB /* Reachability.m */,
			);
			name = Reachability;
			sourceTree = "<group>";
		};
/* End PBXGroup section */

/* Begin PBXNativeTarget section */
		5F8453EF1F25EA3A00E62DDE /* PET Sticker Collection */ = {
			isa = PBXNativeTarget;
			buildConfigurationList = 5F8454111F25EA3A00E62DDE /* Build configuration list for PBXNativeTarget "PET Sticker Collection" */;
			buildPhases = (
				5F8453EE1F25EA3A00E62DDE /* Resources */,
				5F8454101F25EA3A00E62DDE /* Embed App Extensions */,
			);
			buildRules = (
			);
			dependencies = (
				5F8453FD1F25EA3A00E62DDE /* PBXTargetDependency */,
			);
			name = "PET Sticker Collection";
			productName = "PET Sticker Collection";
			productReference = 5F8453F01F25EA3A00E62DDE /* PET Sticker Collection.app */;
			productType = "com.apple.product-type.application.messages";
		};
		5F8453F91F25EA3A00E62DDE /* MessagesExtension */ = {
			isa = PBXNativeTarget;
			buildConfigurationList = 5F84540D1F25EA3A00E62DDE /* Build configuration list for PBXNativeTarget "MessagesExtension" */;
			buildPhases = (
				5F8453F61F25EA3A00E62DDE /* Sources */,
				5F8453F71F25EA3A00E62DDE /* Frameworks */,
				5F8453F81F25EA3A00E62DDE /* Resources */,
			);
			buildRules = (
			);
			dependencies = (
			);
			name = MessagesExtension;
			productName = MessagesExtension;
			productReference = 5F8453FA1F25EA3A00E62DDE /* MessagesExtension.appex */;
			productType = "com.apple.product-type.app-extension.messages";
		};
/* End PBXNativeTarget section */

/* Begin PBXProject section */
		5F8453EA1F25EA3A00E62DDE /* Project object */ = {
			isa = PBXProject;
			attributes = {
				LastUpgradeCheck = 0830;
				ORGANIZATIONNAME = Pham;
				TargetAttributes = {
					5F8453EF1F25EA3A00E62DDE = {
						CreatedOnToolsVersion = 8.3.2;
						DevelopmentTeam = C97244SW6H;
						ProvisioningStyle = Automatic;
					};
					5F8453F91F25EA3A00E62DDE = {
						CreatedOnToolsVersion = 8.3.2;
						DevelopmentTeam = C97244SW6H;
						ProvisioningStyle = Automatic;
						SystemCapabilities = {
							com.apple.InAppPurchase = {
								enabled = 1;
							};
						};
					};
				};
			};
			buildConfigurationList = 5F8453ED1F25EA3A00E62DDE /* Build configuration list for PBXProject "PET Sticker Collection" */;
			compatibilityVersion = "Xcode 3.2";
			developmentRegion = English;
			hasScannedForEncodings = 0;
			knownRegions = (
				en,
				Base,
			);
			mainGroup = 5F8453E91F25EA3A00E62DDE;
			productRefGroup = 5F8453F11F25EA3A00E62DDE /* Products */;
			projectDirPath = "";
			projectRoot = "";
			targets = (
				5F8453EF1F25EA3A00E62DDE /* PET Sticker Collection */,
				5F8453F91F25EA3A00E62DDE /* MessagesExtension */,
			);
		};
/* End PBXProject section */

/* Begin PBXResourcesBuildPhase section */
		5F8453EE1F25EA3A00E62DDE /* Resources */ = {
			isa = PBXResourcesBuildPhase;
			buildActionMask = 2147483647;
			files = (
			);
			runOnlyForDeploymentPostprocessing = 0;
		};
		5F8453F81F25EA3A00E62DDE /* Resources */ = {
			isa = PBXResourcesBuildPhase;
			buildActionMask = 2147483647;
			files = (
				5F0133111F30274400BCE9FC /* ShoppingView.xib in Resources */,
				5F8454091F25EA3A00E62DDE /* Assets.xcassets in Resources */,
				5F84541E1F26F18900E62DDE /* Stickers in Resources */,
				5F01332B1F306F8700BCE9FC /* HeaderSectionView.xib in Resources */,
				728DE8761F3577E400957253 /* FooterCollectionReusableView.xib in Resources */,
				5F0133331F318A3000BCE9FC /* ShoppingDetailView.xib in Resources */,
				5F0133161F30295200BCE9FC /* ShoppingTableViewCell.xib in Resources */,
				5F8454071F25EA3A00E62DDE /* MainInterface.storyboard in Resources */,
			);
			runOnlyForDeploymentPostprocessing = 0;
		};
/* End PBXResourcesBuildPhase section */

/* Begin PBXSourcesBuildPhase section */
		5F8453F61F25EA3A00E62DDE /* Sources */ = {
			isa = PBXSourcesBuildPhase;
			buildActionMask = 2147483647;
			files = (
				5F8454631F27304B00E62DDE /* NSData+ImageContentType.m in Sources */,
				5F8454191F25F71D00E62DDE /* ShoppingView.m in Sources */,
				728DE8821F35A21E00957253 /* SFHFKeychainUtils.m in Sources */,
				728DE8751F3577E400957253 /* FooterCollectionReusableView.m in Sources */,
				5F8454611F27304B00E62DDE /* FLAnimatedImageView+WebCache.m in Sources */,
				5F84546C1F27304B00E62DDE /* SDWebImagePrefetcher.m in Sources */,
				5F84547B1F27305800E62DDE /* FLAnimatedImageView.m in Sources */,
				728DE8801F35A21E00957253 /* IAPShare.m in Sources */,
				5F8797051F2997EB0068179A /* ioapi.c in Sources */,
				5F84546B1F27304B00E62DDE /* SDWebImageManager.m in Sources */,
				5F8797151F29EC110068179A /* UIImage+Color.m in Sources */,
				5F0133231F3037BE00BCE9FC /* UIView+ExtLayout.m in Sources */,
				5FDAB9F21F34718800F371FB /* Reachability.m in Sources */,
				5F0133311F318A2500BCE9FC /* ShoppingDetailView.m in Sources */,
				5F8454641F27304B00E62DDE /* NSImage+WebCache.m in Sources */,
				5F8454721F27304B00E62DDE /* UIImageView+WebCache.m in Sources */,
				5F0133261F303B4D00BCE9FC /* StickerBrowserViewController.m in Sources */,
				5F8797071F2997EB0068179A /* unzip.c in Sources */,
				5F84547A1F27305800E62DDE /* FLAnimatedImage.m in Sources */,
				5F8797141F29EC110068179A /* KBRoundedButton.m in Sources */,
				5F8454671F27304B00E62DDE /* SDWebImageCompat.m in Sources */,
				721E92311F2DD0E00091A822 /* SRSubscriptionModel.m in Sources */,
				5F8454681F27304B00E62DDE /* SDWebImageDecoder.m in Sources */,
				5F84548C1F289F3C00E62DDE /* UIImage+Ext.m in Sources */,
				5F0133291F306F7700BCE9FC /* HeaderSectionView.m in Sources */,
				5F84546F1F27304B00E62DDE /* UIImage+MultiFormat.m in Sources */,
				5F8454701F27304B00E62DDE /* UIImage+WebP.m in Sources */,
				5F84546A1F27304B00E62DDE /* SDWebImageDownloaderOperation.m in Sources */,
				5F8454691F27304B00E62DDE /* SDWebImageDownloader.m in Sources */,
				5F84546E1F27304B00E62DDE /* UIImage+GIF.m in Sources */,
				5FDAB9EF1F34717900F371FB /* ZPReachability.m in Sources */,
				5F8454741F27304B00E62DDE /* UIView+WebCacheOperation.m in Sources */,
				5F8454731F27304B00E62DDE /* UIView+WebCache.m in Sources */,
				5F01331C1F302E7000BCE9FC /* CollectionViewCell.m in Sources */,
				5F8797061F2997EB0068179A /* mztools.c in Sources */,
				5F8454251F26F44900E62DDE /* StickerManager.m in Sources */,
				5F8454651F27304B00E62DDE /* SDImageCache.m in Sources */,
				5F84542B1F27204B00E62DDE /* StickerPack.m in Sources */,
				5F8454711F27304B00E62DDE /* UIImageView+HighlightedWebCache.m in Sources */,
				5F8454211F26F34E00E62DDE /* FileManager.m in Sources */,
				728DE8811F35A21E00957253 /* NSString+Base64.m in Sources */,
				5FDAB9EB1F344F3600F371FB /* Util.m in Sources */,
				5F8454041F25EA3A00E62DDE /* MessagesViewController.m in Sources */,
				5F0133141F30281100BCE9FC /* BaseView.m in Sources */,
				728DE87F1F35A21E00957253 /* IAPHelper.m in Sources */,
				5F84546D1F27304B00E62DDE /* UIButton+WebCache.m in Sources */,
				5F8796F71F298B7C0068179A /* ShoppingTableViewCell.m in Sources */,
				5F8454621F27304B00E62DDE /* MKAnnotationView+WebCache.m in Sources */,
				5F0133201F30377900BCE9FC /* UIView+Ext.m in Sources */,
				5F8797091F2997EB0068179A /* ZipArchive.m in Sources */,
				5F8797081F2997EB0068179A /* zip.c in Sources */,
				5F8454661F27304B00E62DDE /* SDImageCacheConfig.m in Sources */,
			);
			runOnlyForDeploymentPostprocessing = 0;
		};
/* End PBXSourcesBuildPhase section */

/* Begin PBXTargetDependency section */
		5F8453FD1F25EA3A00E62DDE /* PBXTargetDependency */ = {
			isa = PBXTargetDependency;
			target = 5F8453F91F25EA3A00E62DDE /* MessagesExtension */;
			targetProxy = 5F8453FC1F25EA3A00E62DDE /* PBXContainerItemProxy */;
		};
/* End PBXTargetDependency section */

/* Begin PBXVariantGroup section */
		5F8454051F25EA3A00E62DDE /* MainInterface.storyboard */ = {
			isa = PBXVariantGroup;
			children = (
				5F8454061F25EA3A00E62DDE /* Base */,
			);
			name = MainInterface.storyboard;
			sourceTree = "<group>";
		};
/* End PBXVariantGroup section */

/* Begin XCBuildConfiguration section */
		5F84540B1F25EA3A00E62DDE /* Debug */ = {
			isa = XCBuildConfiguration;
			buildSettings = {
				ALWAYS_SEARCH_USER_PATHS = NO;
				CLANG_ANALYZER_NONNULL = YES;
				CLANG_ANALYZER_NUMBER_OBJECT_CONVERSION = YES_AGGRESSIVE;
				CLANG_CXX_LANGUAGE_STANDARD = "gnu++0x";
				CLANG_CXX_LIBRARY = "libc++";
				CLANG_ENABLE_MODULES = YES;
				CLANG_ENABLE_OBJC_ARC = YES;
				CLANG_WARN_BOOL_CONVERSION = YES;
				CLANG_WARN_CONSTANT_CONVERSION = YES;
				CLANG_WARN_DIRECT_OBJC_ISA_USAGE = YES_ERROR;
				CLANG_WARN_DOCUMENTATION_COMMENTS = YES;
				CLANG_WARN_EMPTY_BODY = YES;
				CLANG_WARN_ENUM_CONVERSION = YES;
				CLANG_WARN_INFINITE_RECURSION = YES;
				CLANG_WARN_INT_CONVERSION = YES;
				CLANG_WARN_OBJC_ROOT_CLASS = YES_ERROR;
				CLANG_WARN_SUSPICIOUS_MOVE = YES;
				CLANG_WARN_UNREACHABLE_CODE = YES;
				CLANG_WARN__DUPLICATE_METHOD_MATCH = YES;
				"CODE_SIGN_IDENTITY[sdk=iphoneos*]" = "iPhone Developer";
				COPY_PHASE_STRIP = NO;
				DEBUG_INFORMATION_FORMAT = dwarf;
				ENABLE_STRICT_OBJC_MSGSEND = YES;
				ENABLE_TESTABILITY = YES;
				GCC_C_LANGUAGE_STANDARD = gnu99;
				GCC_DYNAMIC_NO_PIC = NO;
				GCC_NO_COMMON_BLOCKS = YES;
				GCC_OPTIMIZATION_LEVEL = 0;
				GCC_PREPROCESSOR_DEFINITIONS = (
					"DEBUG=1",
					"$(inherited)",
				);
				GCC_WARN_64_TO_32_BIT_CONVERSION = YES;
				GCC_WARN_ABOUT_RETURN_TYPE = YES_ERROR;
				GCC_WARN_UNDECLARED_SELECTOR = YES;
				GCC_WARN_UNINITIALIZED_AUTOS = YES_AGGRESSIVE;
				GCC_WARN_UNUSED_FUNCTION = YES;
				GCC_WARN_UNUSED_VARIABLE = YES;
				IPHONEOS_DEPLOYMENT_TARGET = 10.0;
				MTL_ENABLE_DEBUG_INFO = YES;
				ONLY_ACTIVE_ARCH = YES;
				SDKROOT = iphoneos;
				TARGETED_DEVICE_FAMILY = "1,2";
			};
			name = Debug;
		};
		5F84540C1F25EA3A00E62DDE /* Release */ = {
			isa = XCBuildConfiguration;
			buildSettings = {
				ALWAYS_SEARCH_USER_PATHS = NO;
				CLANG_ANALYZER_NONNULL = YES;
				CLANG_ANALYZER_NUMBER_OBJECT_CONVERSION = YES_AGGRESSIVE;
				CLANG_CXX_LANGUAGE_STANDARD = "gnu++0x";
				CLANG_CXX_LIBRARY = "libc++";
				CLANG_ENABLE_MODULES = YES;
				CLANG_ENABLE_OBJC_ARC = YES;
				CLANG_WARN_BOOL_CONVERSION = YES;
				CLANG_WARN_CONSTANT_CONVERSION = YES;
				CLANG_WARN_DIRECT_OBJC_ISA_USAGE = YES_ERROR;
				CLANG_WARN_DOCUMENTATION_COMMENTS = YES;
				CLANG_WARN_EMPTY_BODY = YES;
				CLANG_WARN_ENUM_CONVERSION = YES;
				CLANG_WARN_INFINITE_RECURSION = YES;
				CLANG_WARN_INT_CONVERSION = YES;
				CLANG_WARN_OBJC_ROOT_CLASS = YES_ERROR;
				CLANG_WARN_SUSPICIOUS_MOVE = YES;
				CLANG_WARN_UNREACHABLE_CODE = YES;
				CLANG_WARN__DUPLICATE_METHOD_MATCH = YES;
				"CODE_SIGN_IDENTITY[sdk=iphoneos*]" = "iPhone Developer";
				COPY_PHASE_STRIP = NO;
				DEBUG_INFORMATION_FORMAT = "dwarf-with-dsym";
				ENABLE_NS_ASSERTIONS = NO;
				ENABLE_STRICT_OBJC_MSGSEND = YES;
				GCC_C_LANGUAGE_STANDARD = gnu99;
				GCC_NO_COMMON_BLOCKS = YES;
				GCC_WARN_64_TO_32_BIT_CONVERSION = YES;
				GCC_WARN_ABOUT_RETURN_TYPE = YES_ERROR;
				GCC_WARN_UNDECLARED_SELECTOR = YES;
				GCC_WARN_UNINITIALIZED_AUTOS = YES_AGGRESSIVE;
				GCC_WARN_UNUSED_FUNCTION = YES;
				GCC_WARN_UNUSED_VARIABLE = YES;
				IPHONEOS_DEPLOYMENT_TARGET = 10.0;
				MTL_ENABLE_DEBUG_INFO = NO;
				SDKROOT = iphoneos;
				TARGETED_DEVICE_FAMILY = "1,2";
				VALIDATE_PRODUCT = YES;
			};
			name = Release;
		};
		5F84540E1F25EA3A00E62DDE /* Debug */ = {
			isa = XCBuildConfiguration;
			buildSettings = {
				ASSETCATALOG_COMPILER_APPICON_NAME = "iMessage App Icon";
				DEVELOPMENT_TEAM = C97244SW6H;
				GCC_PREFIX_HEADER = MessagesExtension/PrefixHeader.pch;
				INFOPLIST_FILE = MessagesExtension/Info.plist;
				LD_RUNPATH_SEARCH_PATHS = "$(inherited) @executable_path/Frameworks @executable_path/../../Frameworks";
				OTHER_LDFLAGS = "-lz ";
				PRODUCT_BUNDLE_IDENTIFIER = com.binhpham.petcollection.ext;
				PRODUCT_NAME = "$(TARGET_NAME)";
				SKIP_INSTALL = YES;
			};
			name = Debug;
		};
		5F84540F1F25EA3A00E62DDE /* Release */ = {
			isa = XCBuildConfiguration;
			buildSettings = {
				ASSETCATALOG_COMPILER_APPICON_NAME = "iMessage App Icon";
				DEVELOPMENT_TEAM = C97244SW6H;
				GCC_PREFIX_HEADER = MessagesExtension/PrefixHeader.pch;
				INFOPLIST_FILE = MessagesExtension/Info.plist;
				LD_RUNPATH_SEARCH_PATHS = "$(inherited) @executable_path/Frameworks @executable_path/../../Frameworks";
				OTHER_LDFLAGS = "-lz ";
				PRODUCT_BUNDLE_IDENTIFIER = com.binhpham.petcollection.ext;
				PRODUCT_NAME = "$(TARGET_NAME)";
				SKIP_INSTALL = YES;
			};
			name = Release;
		};
		5F8454121F25EA3A00E62DDE /* Debug */ = {
			isa = XCBuildConfiguration;
			buildSettings = {
				ASSETCATALOG_COMPILER_APPICON_NAME = AppIcon;
				DEVELOPMENT_TEAM = C97244SW6H;
				GCC_PREFIX_HEADER = MessagesExtension/PrefixHeader.pch;
				INFOPLIST_FILE = "PET Sticker Collection/Info.plist";
				PRODUCT_BUNDLE_IDENTIFIER = com.binhpham.petcollection;
				PRODUCT_NAME = "$(TARGET_NAME)";
			};
			name = Debug;
		};
		5F8454131F25EA3A00E62DDE /* Release */ = {
			isa = XCBuildConfiguration;
			buildSettings = {
				ASSETCATALOG_COMPILER_APPICON_NAME = AppIcon;
				DEVELOPMENT_TEAM = C97244SW6H;
				GCC_PREFIX_HEADER = MessagesExtension/PrefixHeader.pch;
				INFOPLIST_FILE = "PET Sticker Collection/Info.plist";
				PRODUCT_BUNDLE_IDENTIFIER = com.binhpham.petcollection;
				PRODUCT_NAME = "$(TARGET_NAME)";
			};
			name = Release;
		};
/* End XCBuildConfiguration section */

/* Begin XCConfigurationList section */
		5F8453ED1F25EA3A00E62DDE /* Build configuration list for PBXProject "PET Sticker Collection" */ = {
			isa = XCConfigurationList;
			buildConfigurations = (
				5F84540B1F25EA3A00E62DDE /* Debug */,
				5F84540C1F25EA3A00E62DDE /* Release */,
			);
			defaultConfigurationIsVisible = 0;
			defaultConfigurationName = Release;
		};
		5F84540D1F25EA3A00E62DDE /* Build configuration list for PBXNativeTarget "MessagesExtension" */ = {
			isa = XCConfigurationList;
			buildConfigurations = (
				5F84540E1F25EA3A00E62DDE /* Debug */,
				5F84540F1F25EA3A00E62DDE /* Release */,
			);
			defaultConfigurationIsVisible = 0;
			defaultConfigurationName = Release;
		};
		5F8454111F25EA3A00E62DDE /* Build configuration list for PBXNativeTarget "PET Sticker Collection" */ = {
			isa = XCConfigurationList;
			buildConfigurations = (
				5F8454121F25EA3A00E62DDE /* Debug */,
				5F8454131F25EA3A00E62DDE /* Release */,
			);
			defaultConfigurationIsVisible = 0;
			defaultConfigurationName = Release;
		};
/* End XCConfigurationList section */
	};
	rootObject = 5F8453EA1F25EA3A00E62DDE /* Project object */;
}
